
Microsoft Visual Studio Solution File, Format Version 12.00
# Visual Studio Version 16
VisualStudioVersion = 16.0.31019.35
MinimumVisualStudioVersion = 10.0.40219.1
Project("{FAE04EC0-301F-11D3-BF4B-00C04F79EFBC}") = "sitecore9-webforms-mvc", "sitecore9-webforms-mvc\sitecore9-webforms-mvc.csproj", "{7DC52D1F-9046-4468-888F-1140B6456325}"
EndProject
Global
	GlobalSection(SolutionConfigurationPlatforms) = preSolution
		Debug|Any CPU = Debug|Any CPU
		Release|Any CPU = Release|Any CPU
	EndGlobalSection
	GlobalSection(ProjectConfigurationPlatforms) = postSolution
		{7DC52D1F-9046-4468-888F-1140B6456325}.Debug|Any CPU.ActiveCfg = Debug|Any CPU
		{7DC52D1F-9046-4468-888F-1140B6456325}.Debug|Any CPU.Build.0 = Debug|Any CPU
		{7DC52D1F-9046-4468-888F-1140B6456325}.Release|Any CPU.ActiveCfg = Release|Any CPU
		{7DC52D1F-9046-4468-888F-1140B6456325}.Release|Any CPU.Build.0 = Release|Any CPU
	EndGlobalSection
	GlobalSection(SolutionProperties) = preSolution
		HideSolutionNode = FALSE
	EndGlobalSection
	GlobalSection(ExtensibilityGlobals) = postSolution
		SolutionGuid = {223E5582-8CCC-40CB-ACDE-BD7B644597AE}
	EndGlobalSection
EndGlobal
